
Microsoft Visual Studio Solution File, Format Version 12.00
# Visual Studio 15
VisualStudioVersion = 15.0.27428.2015
MinimumVisualStudioVersion = 10.0.40219.1
Project("{FAE04EC0-301F-11D3-BF4B-00C04F79EFBC}") = "Basic_Of_Crystal_Repport", "Basic_Of_Crystal_Repport\Basic_Of_Crystal_Repport.csproj", "{7C32A5AF-F187-4511-A4CF-650C72D94DCA}"
EndProject
Global
	GlobalSection(SolutionConfigurationPlatforms) = preSolution
		Debug|Any CPU = Debug|Any CPU
		Release|Any CPU = Release|Any CPU
	EndGlobalSection
	GlobalSection(ProjectConfigurationPlatforms) = postSolution
		{7C32A5AF-F187-4511-A4CF-650C72D94DCA}.Debug|Any CPU.ActiveCfg = Debug|Any CPU
		{7C32A5AF-F187-4511-A4CF-650C72D94DCA}.Debug|Any CPU.Build.0 = Debug|Any CPU
		{7C32A5AF-F187-4511-A4CF-650C72D94DCA}.Release|Any CPU.ActiveCfg = Release|Any CPU
		{7C32A5AF-F187-4511-A4CF-650C72D94DCA}.Release|Any CPU.Build.0 = Release|Any CPU
	EndGlobalSection
	GlobalSection(SolutionProperties) = preSolution
		HideSolutionNode = FALSE
	EndGlobalSection
	GlobalSection(ExtensibilityGlobals) = postSolution
		SolutionGuid = {B62A0104-EA99-46CB-A790-EFC8118B9A45}
	EndGlobalSection
EndGlobal
